{
  "name": "glowing-engine",
  "lockfileVersion": 3,
  "requires": true,
  "packages": {
    "": {
      "dependencies": {
        "@opencode-ai/sdk": "^1.0.55"
      }
    },
    "node_modules/@opencode-ai/sdk": {
      "version": "1.0.55",
      "resolved": "https://registry.npmjs.org/@opencode-ai/sdk/-/sdk-1.0.55.tgz",
      "integrity": "sha512-gFyRSOBxpHJ+x65geePkIx7L1tQGmidEX7dNyUl09CLI6zvWB7ITj4m3JCu7V7BB7uhK7WfptoSfPI4C7PXeqw=="
    }
  }
}
